PODS:
  - Alamofire (5.2.1)
  - Charts (3.5.0):
    - Charts/Core (= 3.5.0)
  - Charts/Core (3.5.0)

DEPENDENCIES:
  - Alamofire (~> 5.2)
  - Charts (~> 3.5)

SPEC REPOS:
  trunk:
    - Alamofire
    - Charts

SPEC CHECKSUMS:
  Alamofire: e911732990610fe89af59ac0077f923d72dc3dfd
  Charts: 40a08591df1f8ad5c223ddedfb1a06da92f24f7c

PODFILE CHECKSUM: 1a9144518d5c9b6055e746054f15839944094462

COCOAPODS: 1.9.3
