PODS:
  - Alamofire (5.2.1)
  - Charts (3.5.0):
    - Charts/Core (= 3.5.0)
  - Charts/Core (3.5.0)
  - RxAlamofire (5.3.2):
    - RxAlamofire/Core (= 5.3.2)
  - RxAlamofire/Core (5.3.2):
    - Alamofire (~> 5.1)
    - RxSwift (~> 5.1)
  - RxSwift (5.1.1)

DEPENDENCIES:
  - Alamofire (~> 5.2)
  - Charts (~> 3.5)
  - RxAlamofire

SPEC REPOS:
  trunk:
    - Alamofire
    - Charts
    - RxAlamofire
    - RxSwift

SPEC CHECKSUMS:
  Alamofire: e911732990610fe89af59ac0077f923d72dc3dfd
  Charts: 40a08591df1f8ad5c223ddedfb1a06da92f24f7c
  RxAlamofire: 9234f30d94bfae9889c2aaba36358312083a7ad3
  RxSwift: 81470a2074fa8780320ea5fe4102807cb7118178

PODFILE CHECKSUM: 73af3d65b50bc5f99396c55800f8346fd80f01aa

COCOAPODS: 1.9.3
